
Microsoft Visual Studio Solution File, Format Version 12.00
# Visual Studio 14
VisualStudioVersion = 14.0.24720.0
MinimumVisualStudioVersion = 10.0.40219.1
Project("{FAE04EC0-301F-11D3-BF4B-00C04F79EFBC}") = "OverwatchApi", "OverwatchApi\OverwatchApi.csproj", "{37D2BD7C-FED2-465F-8E98-3B3BE2B95887}"
EndProject
Project("{FAE04EC0-301F-11D3-BF4B-00C04F79EFBC}") = "TestUI", "TestUI\TestUI.csproj", "{88E89077-40D2-46FD-9024-977663E0A395}"
EndProject
Global
	GlobalSection(SolutionConfigurationPlatforms) = preSolution
		Debug|Any CPU = Debug|Any CPU
		Release|Any CPU = Release|Any CPU
	EndGlobalSection
	GlobalSection(ProjectConfigurationPlatforms) = postSolution
		{37D2BD7C-FED2-465F-8E98-3B3BE2B95887}.Debug|Any CPU.ActiveCfg = Debug|Any CPU
		{37D2BD7C-FED2-465F-8E98-3B3BE2B95887}.Debug|Any CPU.Build.0 = Debug|Any CPU
		{37D2BD7C-FED2-465F-8E98-3B3BE2B95887}.Release|Any CPU.ActiveCfg = Release|Any CPU
		{37D2BD7C-FED2-465F-8E98-3B3BE2B95887}.Release|Any CPU.Build.0 = Release|Any CPU
		{88E89077-40D2-46FD-9024-977663E0A395}.Debug|Any CPU.ActiveCfg = Debug|Any CPU
		{88E89077-40D2-46FD-9024-977663E0A395}.Debug|Any CPU.Build.0 = Debug|Any CPU
		{88E89077-40D2-46FD-9024-977663E0A395}.Release|Any CPU.ActiveCfg = Release|Any CPU
		{88E89077-40D2-46FD-9024-977663E0A395}.Release|Any CPU.Build.0 = Release|Any CPU
	EndGlobalSection
	GlobalSection(SolutionProperties) = preSolution
		HideSolutionNode = FALSE
	EndGlobalSection
EndGlobal
